
Microsoft Visual Studio Solution File, Format Version 12.00
# Visual Studio 15
VisualStudioVersion = 15.0.28307.1022
MinimumVisualStudioVersion = 10.0.40219.1
Project("{FAE04EC0-301F-11D3-BF4B-00C04F79EFBC}") = "OsloBysykkelUpdates", "OsloBysykkelUpdates\OsloBysykkelUpdates.csproj", "{45947FD2-3F06-4FB0-8A09-E0339AC2E2F8}"
EndProject
Global
	GlobalSection(SolutionConfigurationPlatforms) = preSolution
		Debug|Any CPU = Debug|Any CPU
		Release|Any CPU = Release|Any CPU
	EndGlobalSection
	GlobalSection(ProjectConfigurationPlatforms) = postSolution
		{45947FD2-3F06-4FB0-8A09-E0339AC2E2F8}.Debug|Any CPU.ActiveCfg = Debug|Any CPU
		{45947FD2-3F06-4FB0-8A09-E0339AC2E2F8}.Debug|Any CPU.Build.0 = Debug|Any CPU
		{45947FD2-3F06-4FB0-8A09-E0339AC2E2F8}.Release|Any CPU.ActiveCfg = Release|Any CPU
		{45947FD2-3F06-4FB0-8A09-E0339AC2E2F8}.Release|Any CPU.Build.0 = Release|Any CPU
	EndGlobalSection
	GlobalSection(SolutionProperties) = preSolution
		HideSolutionNode = FALSE
	EndGlobalSection
	GlobalSection(ExtensibilityGlobals) = postSolution
		SolutionGuid = {DE8FC2E8-34CE-4635-B343-ABB34E12F558}
	EndGlobalSection
EndGlobal
